
Microsoft Visual Studio Solution File, Format Version 12.00
# Visual Studio Version 16
VisualStudioVersion = 16.0.28803.452
MinimumVisualStudioVersion = 10.0.40219.1
Project("{9A19103F-16F7-4668-BE54-9A1E7A4F7556}") = "app", "app\app.csproj", "{9F3B7948-9788-4232-80EF-BBF7F2B20737}"
EndProject
Project("{2150E333-8FDC-42A3-9474-1A3956D46DE8}") = "docker-compose", "docker-compose", "{A1D10D86-3F9D-4E73-81D2-6C4E241B51C2}"
	ProjectSection(SolutionItems) = preProject
		commands.txt = commands.txt
		docker-compose.yml = docker-compose.yml
	EndProjectSection
EndProject
Project("{2150E333-8FDC-42A3-9474-1A3956D46DE8}") = "nginx", "nginx", "{5FA6754F-ED8B-4637-A422-28C86E5D2C6D}"
	ProjectSection(SolutionItems) = preProject
		nginx\Dockerfile = nginx\Dockerfile
		nginx\nginx.conf = nginx\nginx.conf
	EndProjectSection
EndProject
Global
	GlobalSection(SolutionConfigurationPlatforms) = preSolution
		Debug|Any CPU = Debug|Any CPU
		Release|Any CPU = Release|Any CPU
	EndGlobalSection
	GlobalSection(ProjectConfigurationPlatforms) = postSolution
		{9F3B7948-9788-4232-80EF-BBF7F2B20737}.Debug|Any CPU.ActiveCfg = Debug|Any CPU
		{9F3B7948-9788-4232-80EF-BBF7F2B20737}.Debug|Any CPU.Build.0 = Debug|Any CPU
		{9F3B7948-9788-4232-80EF-BBF7F2B20737}.Release|Any CPU.ActiveCfg = Release|Any CPU
		{9F3B7948-9788-4232-80EF-BBF7F2B20737}.Release|Any CPU.Build.0 = Release|Any CPU
	EndGlobalSection
	GlobalSection(SolutionProperties) = preSolution
		HideSolutionNode = FALSE
	EndGlobalSection
	GlobalSection(ExtensibilityGlobals) = postSolution
		SolutionGuid = {DD47E022-A6DD-4041-AFCA-75913090EDBF}
	EndGlobalSection
EndGlobal
