
Microsoft Visual Studio Solution File, Format Version 12.00
# Visual Studio Version 16
VisualStudioVersion = 16.0.28803.352
MinimumVisualStudioVersion = 10.0.40219.1
Project("{9A19103F-16F7-4668-BE54-9A1E7A4F7556}") = "app", "app\app.csproj", "{08BBA4F5-DF4D-43E9-AD7A-E5B35F000EE5}"
EndProject
Global
	GlobalSection(SolutionConfigurationPlatforms) = preSolution
		Debug|Any CPU = Debug|Any CPU
		Release|Any CPU = Release|Any CPU
	EndGlobalSection
	GlobalSection(ProjectConfigurationPlatforms) = postSolution
		{08BBA4F5-DF4D-43E9-AD7A-E5B35F000EE5}.Debug|Any CPU.ActiveCfg = Debug|Any CPU
		{08BBA4F5-DF4D-43E9-AD7A-E5B35F000EE5}.Debug|Any CPU.Build.0 = Debug|Any CPU
		{08BBA4F5-DF4D-43E9-AD7A-E5B35F000EE5}.Release|Any CPU.ActiveCfg = Release|Any CPU
		{08BBA4F5-DF4D-43E9-AD7A-E5B35F000EE5}.Release|Any CPU.Build.0 = Release|Any CPU
	EndGlobalSection
	GlobalSection(SolutionProperties) = preSolution
		HideSolutionNode = FALSE
	EndGlobalSection
	GlobalSection(ExtensibilityGlobals) = postSolution
		SolutionGuid = {66EA03C4-7974-418C-BC64-AB91727D6CD8}
	EndGlobalSection
EndGlobal
